
Microsoft Visual Studio Solution File, Format Version 12.00
# Visual Studio Version 17
VisualStudioVersion = 17.9.34723.18
MinimumVisualStudioVersion = 10.0.40219.1
Project("{FAE04EC0-301F-11D3-BF4B-00C04F79EFBC}") = "Pentare.Plugin", "ExercicioPentare\Pentare.Plugin.csproj", "{E11AA2E9-E5CC-4241-AA0A-7698348A18F4}"
EndProject
Project("{2150E333-8FDC-42A3-9474-1A3956D46DE8}") = "Plugin", "Plugin", "{D7C5A350-4ABA-49CA-BDEE-0061A2CD9DEA}"
EndProject
Project("{2150E333-8FDC-42A3-9474-1A3956D46DE8}") = "WebResource", "WebResource", "{30E7672B-E0F6-40D4-AA70-FEFAF9EA07DF}"
EndProject
Project("{9092AA53-FB77-4645-B42D-1CCCA6BD08BD}") = "Pentare.WebResource", "Pentare.WebResource\Pentare.WebResource.njsproj", "{7D18CBBE-E682-46C1-9F60-614A676C2B43}"
EndProject
Global
	GlobalSection(SolutionConfigurationPlatforms) = preSolution
		Debug|Any CPU = Debug|Any CPU
		Release|Any CPU = Release|Any CPU
	EndGlobalSection
	GlobalSection(ProjectConfigurationPlatforms) = postSolution
		{E11AA2E9-E5CC-4241-AA0A-7698348A18F4}.Debug|Any CPU.ActiveCfg = Debug|Any CPU
		{E11AA2E9-E5CC-4241-AA0A-7698348A18F4}.Debug|Any CPU.Build.0 = Debug|Any CPU
		{E11AA2E9-E5CC-4241-AA0A-7698348A18F4}.Release|Any CPU.ActiveCfg = Release|Any CPU
		{E11AA2E9-E5CC-4241-AA0A-7698348A18F4}.Release|Any CPU.Build.0 = Release|Any CPU
		{7D18CBBE-E682-46C1-9F60-614A676C2B43}.Debug|Any CPU.ActiveCfg = Debug|Any CPU
		{7D18CBBE-E682-46C1-9F60-614A676C2B43}.Debug|Any CPU.Build.0 = Debug|Any CPU
		{7D18CBBE-E682-46C1-9F60-614A676C2B43}.Release|Any CPU.ActiveCfg = Release|Any CPU
		{7D18CBBE-E682-46C1-9F60-614A676C2B43}.Release|Any CPU.Build.0 = Release|Any CPU
	EndGlobalSection
	GlobalSection(SolutionProperties) = preSolution
		HideSolutionNode = FALSE
	EndGlobalSection
	GlobalSection(NestedProjects) = preSolution
		{E11AA2E9-E5CC-4241-AA0A-7698348A18F4} = {D7C5A350-4ABA-49CA-BDEE-0061A2CD9DEA}
		{7D18CBBE-E682-46C1-9F60-614A676C2B43} = {30E7672B-E0F6-40D4-AA70-FEFAF9EA07DF}
	EndGlobalSection
	GlobalSection(ExtensibilityGlobals) = postSolution
		SolutionGuid = {E46D201C-B6B4-4E9B-9165-878F50DB16ED}
	EndGlobalSection
EndGlobal
